
Microsoft Visual Studio Solution File, Format Version 12.00
# Visual Studio 15
Project("{FAE04EC0-301F-11D3-BF4B-00C04F79EFBC}") = "Assembly-CSharp", "Assembly-CSharp.csproj", "{EA9E59C1-D72D-75BB-F21C-737D3B89D06B}"
EndProject
Global
	GlobalSection(SolutionConfigurationPlatforms) = preSolution
		Debug|Any CPU = Debug|Any CPU
		Release|Any CPU = Release|Any CPU
	EndGlobalSection
	GlobalSection(ProjectConfigurationPlatforms) = postSolution
		{EA9E59C1-D72D-75BB-F21C-737D3B89D06B}.Debug|Any CPU.ActiveCfg = Debug|Any CPU
		{EA9E59C1-D72D-75BB-F21C-737D3B89D06B}.Debug|Any CPU.Build.0 = Debug|Any CPU
		{EA9E59C1-D72D-75BB-F21C-737D3B89D06B}.Release|Any CPU.ActiveCfg = Release|Any CPU
		{EA9E59C1-D72D-75BB-F21C-737D3B89D06B}.Release|Any CPU.Build.0 = Release|Any CPU
	EndGlobalSection
	GlobalSection(SolutionProperties) = preSolution
		HideSolutionNode = FALSE
	EndGlobalSection
EndGlobal
